GIT
  remote: https://github.com/activeadmin-plugins/capybara_active_admin.git
  revision: 0e648b54fdd8d9c285ca84e8a8a9527fa97d5562
  specs:
    capybara_active_admin (0.3.3)
      activeadmin
      rspec (~> 3.0)

GIT
  remote: https://github.com/cschiewek/devise_ldap_authenticatable.git
  revision: 6ef2131e79ff3421429f8d1b0645c6e113db4dc7
  branch: default
  specs:
    devise_ldap_authenticatable (0.8.7)
      devise (>= 3.4.1)
      net-ldap (>= 0.16.0)

GIT
  remote: https://github.com/didww/jrpc.git
  revision: f48c8e08bedbcc582a67538cc69bf8b7902fdc82
  specs:
    jrpc (1.1.8)
      netstring (~> 0)
      oj (~> 3.0)

GIT
  remote: https://github.com/didww/pg_advisory_lock.git
  revision: 8f9e8975bcff8acaa6cb27bea2f0b5464df78acc
  specs:
    pg_advisory_lock (0.2.0)
      activerecord
      activesupport
      pg_sql_caller

GIT
  remote: https://github.com/didww/pg_sql_caller.git
  revision: 601febe79695bf8c122f33a5d052b14c7c00fb49
  specs:
    pg_sql_caller (0.2.0)
      activerecord
      activesupport

GIT
  remote: https://github.com/didww/prometheus_exporter.git
  revision: d8cd0abd6163d920dd34e7ed4f210320fddbfa27
  branch: didww
  specs:
    prometheus_exporter (0.5.1)

GIT
  remote: https://github.com/flyerhzm/bullet.git
  revision: e44e37512d78352dca34d711ec9593e025cef080
  specs:
    bullet (6.1.4)
      activesupport (>= 3.0.0)
      uniform_notifier (~> 1.11)

GIT
  remote: https://github.com/livingsocial/excelinator.git
  revision: 51cd9dbdbcc0e610ff5bd31b85e4744ac379e8c5
  specs:
    excelinator (1.3.1)
      spreadsheet

GIT
  remote: https://github.com/nsarno/knock.git
  revision: 37e403a7c6d44f585b56a086245e41566a8d6fe1
  specs:
    knock (2.2.0)
      bcrypt (~> 3.1)
      jwt (~> 2.2.1)
      rails (>= 5)

GIT
  remote: https://github.com/workgena/active_admin_date_range_preset.git
  revision: 1bfb64ceb9639bb76dcad2c8e2df4c5199b138f3
  specs:
    active_admin_date_range_preset (0.3.1)

GIT
  remote: https://github.com/yeti-switch/nvd3-community-rails.git
  revision: 34afaba76846debbfcb7b17528d02834c2723cc2
  specs:
    novus-nvd3-rails (1.7.1)

GIT
  remote: https://github.com/yeti-switch/odf-report.git
  revision: a7cb56247741ad907813ff363c3dc4e985e92903
  branch: master-2018
  specs:
    odf-report (0.5.2)
      nokogiri (>= 1.5.0)
      rubyzip (~> 1.2)

GIT
  remote: https://github.com/zipmark/rspec_api_documentation.git
  revision: d3892cc7388460a98476734963face5a7a2ac158
  specs:
    rspec_api_documentation (6.1.0)
      activesupport (>= 3.0.0)
      mustache (~> 1.0, >= 0.99.4)
      rspec (~> 3.0)

GEM
  remote: https://rubygems.org/
  specs:
    actioncable (6.1.4.7)
      actionpack (= 6.1.4.7)
      activesupport (= 6.1.4.7)
      nio4r (~> 2.0)
      websocket-driver (>= 0.6.1)
    actionmailbox (6.1.4.7)
      actionpack (= 6.1.4.7)
      activejob (= 6.1.4.7)
      activerecord (= 6.1.4.7)
      activestorage (= 6.1.4.7)
      activesupport (= 6.1.4.7)
      mail (>= 2.7.1)
    actionmailer (6.1.4.7)
      actionpack (= 6.1.4.7)
      actionview (= 6.1.4.7)
      activejob (= 6.1.4.7)
      activesupport (= 6.1.4.7)
      mail (~> 2.5, >= 2.5.4)
      rails-dom-testing (~> 2.0)
    actionpack (6.1.4.7)
      actionview (= 6.1.4.7)
      activesupport (= 6.1.4.7)
      rack (~> 2.0, >= 2.0.9)
      rack-test (>= 0.6.3)
      rails-dom-testing (~> 2.0)
      rails-html-sanitizer (~> 1.0, >= 1.2.0)
    actiontext (6.1.4.7)
      actionpack (= 6.1.4.7)
      activerecord (= 6.1.4.7)
      activestorage (= 6.1.4.7)
      activesupport (= 6.1.4.7)
      nokogiri (>= 1.8.5)
    actionview (6.1.4.7)
      activesupport (= 6.1.4.7)
      builder (~> 3.1)
      erubi (~> 1.4)
      rails-dom-testing (~> 2.0)
      rails-html-sanitizer (~> 1.1, >= 1.2.0)
    active_admin_datetimepicker (0.7.4)
      activeadmin (>= 1.1, < 3.a)
      coffee-rails
      xdan-datetimepicker-rails (~> 2.5.4)
    active_admin_import (4.1.2)
      activeadmin (>= 1.0.0.pre2)
      activerecord-import (>= 0.27)
      rchardet (~> 1.6)
      rubyzip (~> 1.2)
    active_admin_scoped_collection_actions (0.3.5)
    active_admin_sidebar (1.1.0)
      activeadmin
    active_admin_theme (1.1.2)
    active_record_extended (2.0.3)
      activerecord (>= 5.1, < 6.2)
      ar_outer_joins (~> 0.2)
      pg (< 3.0)
    activeadmin (2.9.0)
      arbre (~> 1.2, >= 1.2.1)
      formtastic (>= 3.1, < 5.0)
      formtastic_i18n (~> 0.4)
      inherited_resources (~> 1.7)
      jquery-rails (~> 4.2)
      kaminari (~> 1.0, >= 1.2.1)
      railties (>= 5.2, < 6.2)
      ransack (~> 2.1, >= 2.1.1)
    activejob (6.1.4.7)
      activesupport (= 6.1.4.7)
      globalid (>= 0.3.6)
    activeldap (5.1.1)
      activemodel (> 4.0.0)
      builder
      gettext
      gettext_i18n_rails
      locale
    activemodel (6.1.4.7)
      activesupport (= 6.1.4.7)
    activemodel-serializers-xml (1.0.2)
      activemodel (> 5.x)
      activesupport (> 5.x)
      builder (~> 3.1)
    activerecord (6.1.4.7)
      activemodel (= 6.1.4.7)
      activesupport (= 6.1.4.7)
    activerecord-import (1.0.4)
      activerecord (>= 3.2)
    activestorage (6.1.4.7)
      actionpack (= 6.1.4.7)
      activejob (= 6.1.4.7)
      activerecord (= 6.1.4.7)
      activesupport (= 6.1.4.7)
      marcel (~> 1.0.0)
      mini_mime (>= 1.1.0)
    activesupport (6.1.4.7)
      concurrent-ruby (~> 1.0, >= 1.0.2)
      i18n (>= 1.6, < 2)
      minitest (>= 5.1)
      tzinfo (~> 2.0)
      zeitwerk (~> 2.3)
    addressable (2.8.0)
      public_suffix (>= 2.0.2, < 5.0)
    annotate (3.1.1)
      activerecord (>= 3.2, < 7.0)
      rake (>= 10.4, < 14.0)
    apitome (0.1.0)
      kramdown
      railties
      rspec_api_documentation
    ar_outer_joins (0.2.0)
      activerecord (>= 3.2)
    arbre (1.4.0)
      activesupport (>= 3.0.0, < 6.2)
      ruby2_keywords (>= 0.0.2, < 1.0)
    ast (2.4.0)
    awesome_print (1.8.0)
    bcrypt (3.1.13)
    bootsnap (1.9.1)
      msgpack (~> 1.0)
    brakeman (5.2.0)
    builder (3.2.4)
    bundler-audit (0.8.0)
      bundler (>= 1.2.0, < 3)
      thor (~> 1.0)
    byebug (10.0.2)
    capybara (3.33.0)
      addressable
      mini_mime (>= 0.1.3)
      nokogiri (~> 1.8)
      rack (>= 1.6.0)
      rack-test (>= 0.6.3)
      regexp_parser (~> 1.5)
      xpath (~> 3.2)
    capybara-screenshot (1.0.22)
      capybara (>= 1.0, < 4)
      launchy
    childprocess (0.9.0)
      ffi (~> 1.0, >= 1.0.11)
    chosen-rails (1.5.2)
      coffee-rails (>= 3.2)
      railties (>= 3.0)
      sass-rails (>= 3.2)
    cliver (0.3.2)
    coffee-rails (4.2.2)
      coffee-script (>= 2.2.0)
      railties (>= 4.0.0)
    coffee-script (2.4.1)
      coffee-script-source
      execjs
    coffee-script-source (1.12.2)
    concurrent-ruby (1.1.9)
    config (3.1.0)
      deep_merge (~> 1.2, >= 1.2.1)
      dry-validation (~> 1.0, >= 1.0.0)
    crack (0.4.3)
      safe_yaml (~> 1.0.0)
    crass (1.0.6)
    cuprite (0.11)
      capybara (>= 2.1, < 4)
      ferrum (~> 0.9.0)
    d3-rails (3.5.2)
      railties (>= 3.1)
    daemons (1.2.6)
    database_consistency (1.1.11)
      activerecord (>= 3.2)
    deep_merge (1.2.1)
    delayed_job (4.1.9)
      activesupport (>= 3.0, < 6.2)
    delayed_job_active_record (4.1.6)
      activerecord (>= 3.0, < 6.2)
      delayed_job (>= 3.0, < 5)
    devise (4.8.0)
      bcrypt (~> 3.0)
      orm_adapter (~> 0.1)
      railties (>= 4.1.0)
      responders
      warden (~> 1.2.3)
    diff-lcs (1.4.4)
    docile (1.3.1)
    draper (4.0.1)
      actionpack (>= 5.0)
      activemodel (>= 5.0)
      activemodel-serializers-xml (>= 1.0)
      activesupport (>= 5.0)
      request_store (>= 1.0)
    dry-configurable (0.13.0)
      concurrent-ruby (~> 1.0)
      dry-core (~> 0.6)
    dry-container (0.9.0)
      concurrent-ruby (~> 1.0)
      dry-configurable (~> 0.13, >= 0.13.0)
    dry-core (0.7.1)
      concurrent-ruby (~> 1.0)
    dry-inflector (0.2.1)
    dry-initializer (3.0.4)
    dry-logic (1.2.0)
      concurrent-ruby (~> 1.0)
      dry-core (~> 0.5, >= 0.5)
    dry-schema (1.8.0)
      concurrent-ruby (~> 1.0)
      dry-configurable (~> 0.13, >= 0.13.0)
      dry-core (~> 0.5, >= 0.5)
      dry-initializer (~> 3.0)
      dry-logic (~> 1.0)
      dry-types (~> 1.5)
    dry-types (1.5.1)
      concurrent-ruby (~> 1.0)
      dry-container (~> 0.3)
      dry-core (~> 0.5, >= 0.5)
      dry-inflector (~> 0.1, >= 0.1.2)
      dry-logic (~> 1.0, >= 1.0.2)
    dry-validation (1.7.0)
      concurrent-ruby (~> 1.0)
      dry-container (~> 0.7, >= 0.7.1)
      dry-core (~> 0.5, >= 0.5)
      dry-initializer (~> 3.0)
      dry-schema (~> 1.8, >= 1.8.0)
    erubi (1.10.0)
    et-orbi (1.2.4)
      tzinfo
    eventmachine (1.2.5)
    execjs (2.7.0)
    factory_bot (5.2.0)
      activesupport (>= 4.2.0)
    factory_bot_rails (5.2.0)
      factory_bot (~> 5.2.0)
      railties (>= 4.2.0)
    fast_gettext (1.6.0)
    ferrum (0.9)
      addressable (~> 2.5)
      cliver (~> 0.3)
      concurrent-ruby (~> 1.1)
      websocket-driver (>= 0.6, < 0.8)
    ffi (1.15.1)
    font-awesome-rails (4.7.0.7)
      railties (>= 3.2, < 7)
    formtastic (4.0.0)
      actionpack (>= 5.2.0)
    formtastic_i18n (0.7.0)
    fugit (1.4.5)
      et-orbi (~> 1.1, >= 1.1.8)
      raabro (~> 1.4)
    get_process_mem (0.2.7)
      ffi (~> 1.0)
    gettext (3.2.9)
      locale (>= 2.0.5)
      text (>= 1.3.0)
    gettext_i18n_rails (1.8.0)
      fast_gettext (>= 0.9.0)
    globalid (1.0.0)
      activesupport (>= 5.0)
    has_scope (0.8.0)
      actionpack (>= 5.2)
      activesupport (>= 5.2)
    hashdiff (0.3.8)
    i18n (1.8.11)
      concurrent-ruby (~> 1.0)
    inherited_resources (1.13.0)
      actionpack (>= 5.2, < 6.2)
      has_scope (~> 0.6)
      railties (>= 5.2, < 6.2)
      responders (>= 2, < 4)
    jquery-rails (4.4.0)
      rails-dom-testing (>= 1, < 3)
      railties (>= 4.2.0)
      thor (>= 0.14, < 2.0)
    jquery-tablesorter (1.27.2)
      railties (>= 3.2)
    jquery-ui-rails (6.0.1)
      railties (>= 3.2.16)
    jsonapi-resources (0.9.12)
      activerecord (>= 4.1)
      concurrent-ruby
      railties (>= 4.1)
    jwt (2.2.2)
    kaminari (1.2.1)
      activesupport (>= 4.1.0)
      kaminari-actionview (= 1.2.1)
      kaminari-activerecord (= 1.2.1)
      kaminari-core (= 1.2.1)
    kaminari-actionview (1.2.1)
      actionview
      kaminari-core (= 1.2.1)
    kaminari-activerecord (1.2.1)
      activerecord
      kaminari-core (= 1.2.1)
    kaminari-core (1.2.1)
    kramdown (2.3.1)
      rexml
    launchy (2.4.3)
      addressable (~> 2.3)
    libv8 (3.16.14.19)
    listen (3.5.1)
      rb-fsevent (~> 0.10, >= 0.10.3)
      rb-inotify (~> 0.9, >= 0.9.10)
    locale (2.1.2)
    loofah (2.13.0)
      crass (~> 1.0.2)
      nokogiri (>= 1.5.9)
    mail (2.7.1)
      mini_mime (>= 0.1.1)
    marcel (1.0.2)
    method_source (1.0.0)
    mini_mime (1.1.2)
    mini_portile2 (2.8.0)
    minitest (5.15.0)
    msgpack (1.4.2)
    mustache (1.1.1)
    net-ldap (0.16.1)
    netstring (0.0.3)
    nio4r (2.5.8)
    nokogiri (1.13.4)
      mini_portile2 (~> 2.8.0)
      racc (~> 1.4)
    oj (3.11.2)
    orm_adapter (0.5.0)
    paper_trail (11.1.0)
      activerecord (>= 5.2)
      request_store (~> 1.1)
    parallel (1.12.1)
    parallel_tests (2.29.0)
      parallel
    parser (2.7.1.3)
      ast (~> 2.4.0)
    pg (1.2.3)
    pgq_prometheus (0.2.3)
      prometheus_exporter
    public_suffix (4.0.6)
    puma (5.6.4)
      nio4r (~> 2.0)
    puma_worker_killer (0.3.1)
      get_process_mem (~> 0.2)
      puma (>= 2.7)
    pundit (1.1.0)
      activesupport (>= 3.0.0)
    raabro (1.4.0)
    racc (1.6.0)
    rack (2.1.4)
    rack-test (1.1.0)
      rack (>= 1.0, < 3)
    rails (6.1.4.7)
      actioncable (= 6.1.4.7)
      actionmailbox (= 6.1.4.7)
      actionmailer (= 6.1.4.7)
      actionpack (= 6.1.4.7)
      actiontext (= 6.1.4.7)
      actionview (= 6.1.4.7)
      activejob (= 6.1.4.7)
      activemodel (= 6.1.4.7)
      activerecord (= 6.1.4.7)
      activestorage (= 6.1.4.7)
      activesupport (= 6.1.4.7)
      bundler (>= 1.15.0)
      railties (= 6.1.4.7)
      sprockets-rails (>= 2.0.0)
    rails-dom-testing (2.0.3)
      activesupport (>= 4.2.0)
      nokogiri (>= 1.6)
    rails-html-sanitizer (1.4.2)
      loofah (~> 2.3)
    railties (6.1.4.7)
      actionpack (= 6.1.4.7)
      activesupport (= 6.1.4.7)
      method_source
      rake (>= 0.13)
      thor (~> 1.0)
    rainbow (3.0.0)
    rake (13.0.6)
    ransack (2.4.2)
      activerecord (>= 5.2.4)
      activesupport (>= 5.2.4)
      i18n
    rb-fsevent (0.11.0)
    rb-inotify (0.10.1)
      ffi (~> 1.0)
    rchardet (1.8.0)
    ref (2.0.0)
    regexp_parser (1.8.2)
    request_store (1.4.1)
      rack (>= 1.4)
    responders (3.0.1)
      actionpack (>= 5.0)
      railties (>= 5.0)
    rexml (3.2.5)
    rspec (3.10.0)
      rspec-core (~> 3.10.0)
      rspec-expectations (~> 3.10.0)
      rspec-mocks (~> 3.10.0)
    rspec-core (3.10.1)
      rspec-support (~> 3.10.0)
    rspec-expectations (3.10.1)
      diff-lcs (>= 1.2.0, < 2.0)
      rspec-support (~> 3.10.0)
    rspec-mocks (3.10.2)
      diff-lcs (>= 1.2.0, < 2.0)
      rspec-support (~> 3.10.0)
    rspec-rails (5.0.1)
      actionpack (>= 5.2)
      activesupport (>= 5.2)
      railties (>= 5.2)
      rspec-core (~> 3.10)
      rspec-expectations (~> 3.10)
      rspec-mocks (~> 3.10)
      rspec-support (~> 3.10)
    rspec-support (3.10.2)
    rubocop (0.84.0)
      parallel (~> 1.10)
      parser (>= 2.7.0.1)
      rainbow (>= 2.2.2, < 4.0)
      rexml
      rubocop-ast (>= 0.0.3)
      ruby-progressbar (~> 1.7)
      unicode-display_width (>= 1.4.0, < 2.0)
    rubocop-ast (0.0.3)
      parser (>= 2.7.0.1)
    rubocop-performance (1.6.0)
      rubocop (>= 0.71.0)
    rubocop-rails (2.5.2)
      activesupport
      rack (>= 1.1)
      rubocop (>= 0.72.0)
    rubocop-rspec (1.39.0)
      rubocop (>= 0.68.1)
    ruby-ole (1.2.12.1)
    ruby-progressbar (1.10.1)
    ruby2_keywords (0.0.4)
    rubyzip (1.3.0)
    rufus-scheduler (3.7.0)
      fugit (~> 1.1, >= 1.1.6)
    safe_yaml (1.0.4)
    sass (3.4.25)
    sass-globbing (1.1.5)
      sass (>= 3.1)
    sass-rails (5.0.8)
      railties (>= 5.2.0)
      sass (~> 3.1)
      sprockets (>= 2.8, < 4.0)
      sprockets-rails (>= 2.0, < 4.0)
      tilt (>= 1.1, < 3)
    selenium-webdriver (3.141.0)
      childprocess (~> 0.5)
      rubyzip (~> 1.2, >= 1.2.2)
    sentry-delayed_job (5.0.0)
      delayed_job (>= 4.0)
      sentry-ruby-core (~> 5.0.0)
    sentry-rails (5.0.0)
      railties (>= 5.0)
      sentry-ruby-core (~> 5.0.0)
    sentry-ruby (5.0.0)
      concurrent-ruby (~> 1.0, >= 1.0.2)
      sentry-ruby-core (= 5.0.0)
    sentry-ruby-core (5.0.0)
      concurrent-ruby
    shoulda-matchers (4.3.0)
      activesupport (>= 4.2.0)
    simplecov (0.21.2)
      docile (~> 1.1)
      simplecov-html (~> 0.11)
      simplecov_json_formatter (~> 0.1)
    simplecov-html (0.12.3)
    simplecov-lcov (0.8.0)
    simplecov_json_formatter (0.1.2)
    spreadsheet (1.1.7)
      ruby-ole (>= 1.0)
    sprockets (3.7.2)
      concurrent-ruby (~> 1.0)
      rack (> 1, < 3)
    sprockets-rails (3.4.2)
      actionpack (>= 5.2)
      activesupport (>= 5.2)
      sprockets (>= 3.0.0)
    syslog-logger (1.6.8)
    text (1.3.1)
    therubyracer (0.12.3)
      libv8 (~> 3.16.14.15)
      ref
    thin (1.7.2)
      daemons (~> 1.0, >= 1.0.9)
      eventmachine (~> 1.0, >= 1.0.4)
      rack (>= 1, < 3)
    thor (1.1.0)
    tilt (2.0.9)
    timeliness (0.4.4)
    tzinfo (2.0.4)
      concurrent-ruby (~> 1.0)
    uglifier (4.1.8)
      execjs (>= 0.3.0, < 3)
    unicode-display_width (1.7.0)
    uniform_notifier (1.14.2)
    validates_timeliness (4.1.1)
      timeliness (>= 0.3.10, < 1)
    warden (1.2.9)
      rack (>= 2.0.9)
    webdrivers (4.1.3)
      nokogiri (~> 1.6)
      rubyzip (>= 1.3.0)
      selenium-webdriver (>= 3.0, < 4.0)
    webmock (3.5.1)
      addressable (>= 2.3.6)
      crack (>= 0.3.2)
      hashdiff
    websocket-driver (0.7.5)
      websocket-extensions (>= 0.1.0)
    websocket-extensions (0.1.5)
    xdan-datetimepicker-rails (2.5.4)
      jquery-rails
      rails (>= 3.2.16)
    xpath (3.2.0)
      nokogiri (~> 1.8)
    zeitwerk (2.5.4)
    zip-zip (0.3)
      rubyzip (>= 1.0.0)

PLATFORMS
  ruby

DEPENDENCIES
  active_admin_date_range_preset!
  active_admin_datetimepicker
  active_admin_import
  active_admin_scoped_collection_actions
  active_admin_sidebar (= 1.1.0)
  active_admin_theme
  active_record_extended
  activeadmin
  activeldap
  activemodel-serializers-xml
  activerecord-import
  annotate
  apitome (~> 0.1.0)
  awesome_print
  bootsnap
  brakeman
  bullet!
  bundler-audit
  byebug
  capybara
  capybara-screenshot
  capybara_active_admin!
  chosen-rails (= 1.5.2)
  config
  cuprite
  d3-rails (= 3.5.2)
  daemons
  database_consistency
  delayed_job_active_record
  devise (>= 4.6.0)
  devise_ldap_authenticatable!
  draper
  excelinator!
  factory_bot_rails
  ferrum
  font-awesome-rails
  jquery-rails
  jquery-tablesorter
  jquery-ui-rails
  jrpc!
  jsonapi-resources (~> 0.9.12)
  jwt
  knock!
  listen
  net-ldap (~> 0.16.0)
  novus-nvd3-rails!
  odf-report!
  paper_trail
  parallel
  parallel_tests
  pg
  pg_advisory_lock!
  pg_sql_caller!
  pgq_prometheus
  prometheus_exporter!
  puma (~> 5.3)
  puma_worker_killer
  pundit
  rack (= 2.1.4)
  rails (~> 6.1.4.4)
  rails-html-sanitizer (~> 1.0)
  ransack
  responders
  rspec-rails
  rspec_api_documentation!
  rubocop
  rubocop-performance
  rubocop-rails
  rubocop-rspec
  rufus-scheduler
  sass-globbing
  sass-rails
  selenium-webdriver
  sentry-delayed_job
  sentry-rails
  sentry-ruby
  shoulda-matchers
  simplecov (~> 0.21.2)
  simplecov-lcov (~> 0.8.0)
  sprockets
  syslog-logger
  therubyracer (~> 0.12.1)
  thin
  uglifier (>= 1.3)
  validates_timeliness
  webdrivers (~> 4.0)
  webmock
  zip-zip

BUNDLED WITH
   2.2.6
